
Microsoft Visual Studio Solution File, Format Version 12.00
# Visual Studio 15
VisualStudioVersion = 15.0.27428.1
MinimumVisualStudioVersion = 10.0.40219.1
Project("{FAE04EC0-301F-11D3-BF4B-00C04F79EFBC}") = "data", "data\data.csproj", "{279E5C8D-4091-4DEA-A9A9-11CD9FC91028}"
EndProject
Global
	GlobalSection(SolutionConfigurationPlatforms) = preSolution
		Debug|Any CPU = Debug|Any CPU
		Release|Any CPU = Release|Any CPU
	EndGlobalSection
	GlobalSection(ProjectConfigurationPlatforms) = postSolution
		{279E5C8D-4091-4DEA-A9A9-11CD9FC91028}.Debug|Any CPU.ActiveCfg = Debug|Any CPU
		{279E5C8D-4091-4DEA-A9A9-11CD9FC91028}.Debug|Any CPU.Build.0 = Debug|Any CPU
		{279E5C8D-4091-4DEA-A9A9-11CD9FC91028}.Release|Any CPU.ActiveCfg = Release|Any CPU
		{279E5C8D-4091-4DEA-A9A9-11CD9FC91028}.Release|Any CPU.Build.0 = Release|Any CPU
	EndGlobalSection
	GlobalSection(SolutionProperties) = preSolution
		HideSolutionNode = FALSE
	EndGlobalSection
	GlobalSection(ExtensibilityGlobals) = postSolution
		SolutionGuid = {6724C0CE-5B14-4C0B-B9BA-2FE86278C5B4}
	EndGlobalSection
EndGlobal
